// !$*UTF8*$!
{
	archiveVersion = 1;
	classes = {
	};
	objectVersion = 50;
	objects = {

/* Begin PBXBuildFile section */
		3CD9C6B8219D37735CA10745 /* Pods_CompletionTutorial.framework in Frameworks */ = {isa = PBXBuildFile; fileRef = F13997329DD54215C59C0126 /* Pods_CompletionTutorial.framework */; };
		5251006927898475005CD3B1 /* AppDelegate.swift in Sources */ = {isa = PBXBuildFile; fileRef = 5251006827898475005CD3B1 /* AppDelegate.swift */; };
		5251006B27898475005CD3B1 /* SceneDelegate.swift in Sources */ = {isa = PBXBuildFile; fileRef = 5251006A27898475005CD3B1 /* SceneDelegate.swift */; };
		5251006D27898475005CD3B1 /* ViewController.swift in Sources */ = {isa = PBXBuildFile; fileRef = 5251006C27898475005CD3B1 /* ViewController.swift */; };
		5251007027898475005CD3B1 /* Main.storyboard in Resources */ = {isa = PBXBuildFile; fileRef = 5251006E27898475005CD3B1 /* Main.storyboard */; };
		5251007227898476005CD3B1 /* Assets.xcassets in Resources */ = {isa = PBXBuildFile; fileRef = 5251007127898476005CD3B1 /* Assets.xcassets */; };
		5251007527898476005CD3B1 /* LaunchScreen.storyboard in Resources */ = {isa = PBXBuildFile; fileRef = 5251007327898476005CD3B1 /* LaunchScreen.storyboard */; };
/* End PBXBuildFile section */

/* Begin PBXFileReference section */
		1B63BE640CFD543D47B17E78 /* Pods-CompletionTutorial.release.xcconfig */ = {isa = PBXFileReference; includeInIndex = 1; lastKnownFileType = text.xcconfig; name = "Pods-CompletionTutorial.release.xcconfig"; path = "Target Support Files/Pods-CompletionTutorial/Pods-CompletionTutorial.release.xcconfig"; sourceTree = "<group>"; };
		5251006527898475005CD3B1 /* CompletionTutorial.app */ = {isa = PBXFileReference; explicitFileType = wrapper.application; includeInIndex = 0; path = CompletionTutorial.app; sourceTree = BUILT_PRODUCTS_DIR; };
		5251006827898475005CD3B1 /* AppDelegate.swift */ = {isa = PBXFileReference; lastKnownFileType = sourcecode.swift; path = AppDelegate.swift; sourceTree = "<group>"; };
		5251006A27898475005CD3B1 /* SceneDelegate.swift */ = {isa = PBXFileReference; lastKnownFileType = sourcecode.swift; path = SceneDelegate.swift; sourceTree = "<group>"; };
		5251006C27898475005CD3B1 /* ViewController.swift */ = {isa = PBXFileReference; lastKnownFileType = sourcecode.swift; path = ViewController.swift; sourceTree = "<group>"; };
		5251006F27898475005CD3B1 /* Base */ = {isa = PBXFileReference; lastKnownFileType = file.storyboard; name = Base; path = Base.lproj/Main.storyboard; sourceTree = "<group>"; };
		5251007127898476005CD3B1 /* Assets.xcassets */ = {isa = PBXFileReference; lastKnownFileType = folder.assetcatalog; path = Assets.xcassets; sourceTree = "<group>"; };
		5251007427898476005CD3B1 /* Base */ = {isa = PBXFileReference; lastKnownFileType = file.storyboard; name = Base; path = Base.lproj/LaunchScreen.storyboard; sourceTree = "<group>"; };
		5251007627898476005CD3B1 /* Info.plist */ = {isa = PBXFileReference; lastKnownFileType = text.plist.xml; path = Info.plist; sourceTree = "<group>"; };
		8BC998B751B28F3A0B900B85 /* Pods-CompletionTutorial.debug.xcconfig */ = {isa = PBXFileReference; includeInIndex = 1; lastKnownFileType = text.xcconfig; name = "Pods-CompletionTutorial.debug.xcconfig"; path = "Target Support Files/Pods-CompletionTutorial/Pods-CompletionTutorial.debug.xcconfig"; sourceTree = "<group>"; };
		F13997329DD54215C59C0126 /* Pods_CompletionTutorial.framework */ = {isa = PBXFileReference; explicitFileType = wrapper.framework; includeInIndex = 0; path = Pods_CompletionTutorial.framework; sourceTree = BUILT_PRODUCTS_DIR; };
/* End PBXFileReference section */

/* Begin PBXFrameworksBuildPhase section */
		5251006227898474005CD3B1 /* Frameworks */ = {
			isa = PBXFrameworksBuildPhase;
			buildActionMask = 2147483647;
			files = (
				3CD9C6B8219D37735CA10745 /* Pods_CompletionTutorial.framework in Frameworks */,
			);
			runOnlyForDeploymentPostprocessing = 0;
		};
/* End PBXFrameworksBuildPhase section */

/* Begin PBXGroup section */
		2E7DB93A52C5036CB7CC8F0A /* Pods */ = {
			isa = PBXGroup;
			children = (
				8BC998B751B28F3A0B900B85 /* Pods-CompletionTutorial.debug.xcconfig */,
				1B63BE640CFD543D47B17E78 /* Pods-CompletionTutorial.release.xcconfig */,
			);
			name = Pods;
			path = Pods;
			sourceTree = "<group>";
		};
		5251005C27898474005CD3B1 = {
			isa = PBXGroup;
			children = (
				5251006727898475005CD3B1 /* CompletionTutorial */,
				5251006627898475005CD3B1 /* Products */,
				2E7DB93A52C5036CB7CC8F0A /* Pods */,
				E98DBDBB0FDD3443D1ED6291 /* Frameworks */,
			);
			sourceTree = "<group>";
		};
		5251006627898475005CD3B1 /* Products */ = {
			isa = PBXGroup;
			children = (
				5251006527898475005CD3B1 /* CompletionTutorial.app */,
			);
			name = Products;
			sourceTree = "<group>";
		};
		5251006727898475005CD3B1 /* CompletionTutorial */ = {
			isa = PBXGroup;
			children = (
				5251006827898475005CD3B1 /* AppDelegate.swift */,
				5251006A27898475005CD3B1 /* SceneDelegate.swift */,
				5251006C27898475005CD3B1 /* ViewController.swift */,
				5251006E27898475005CD3B1 /* Main.storyboard */,
				5251007127898476005CD3B1 /* Assets.xcassets */,
				5251007327898476005CD3B1 /* LaunchScreen.storyboard */,
				5251007627898476005CD3B1 /* Info.plist */,
			);
			path = CompletionTutorial;
			sourceTree = "<group>";
		};
		E98DBDBB0FDD3443D1ED6291 /* Frameworks */ = {
			isa = PBXGroup;
			children = (
				F13997329DD54215C59C0126 /* Pods_CompletionTutorial.framework */,
			);
			name = Frameworks;
			sourceTree = "<group>";
		};
/* End PBXGroup section */

/* Begin PBXNativeTarget section */
		5251006427898474005CD3B1 /* CompletionTutorial */ = {
			isa = PBXNativeTarget;
			buildConfigurationList = 5251007927898476005CD3B1 /* Build configuration list for PBXNativeTarget "CompletionTutorial" */;
			buildPhases = (
				F85E21EFEF2BFFDF0311561A /* [CP] Check Pods Manifest.lock */,
				5251006127898474005CD3B1 /* Sources */,
				5251006227898474005CD3B1 /* Frameworks */,
				5251006327898474005CD3B1 /* Resources */,
				AB97D772175E6190AFE4672D /* [CP] Embed Pods Frameworks */,
			);
			buildRules = (
			);
			dependencies = (
			);
			name = CompletionTutorial;
			productName = CompletionTutorial;
			productReference = 5251006527898475005CD3B1 /* CompletionTutorial.app */;
			productType = "com.apple.product-type.application";
		};
/* End PBXNativeTarget section */

/* Begin PBXProject section */
		5251005D27898474005CD3B1 /* Project object */ = {
			isa = PBXProject;
			attributes = {
				LastSwiftUpdateCheck = 1240;
				LastUpgradeCheck = 1240;
				TargetAttributes = {
					5251006427898474005CD3B1 = {
						CreatedOnToolsVersion = 12.4;
					};
				};
			};
			buildConfigurationList = 5251006027898474005CD3B1 /* Build configuration list for PBXProject "CompletionTutorial" */;
			compatibilityVersion = "Xcode 9.3";
			developmentRegion = en;
			hasScannedForEncodings = 0;
			knownRegions = (
				en,
				Base,
			);
			mainGroup = 5251005C27898474005CD3B1;
			productRefGroup = 5251006627898475005CD3B1 /* Products */;
			projectDirPath = "";
			projectRoot = "";
			targets = (
				5251006427898474005CD3B1 /* CompletionTutorial */,
			);
		};
/* End PBXProject section */

/* Begin PBXResourcesBuildPhase section */
		5251006327898474005CD3B1 /* Resources */ = {
			isa = PBXResourcesBuildPhase;
			buildActionMask = 2147483647;
			files = (
				5251007527898476005CD3B1 /* LaunchScreen.storyboard in Resources */,
				5251007227898476005CD3B1 /* Assets.xcassets in Resources */,
				5251007027898475005CD3B1 /* Main.storyboard in Resources */,
			);
			runOnlyForDeploymentPostprocessing = 0;
		};
/* End PBXResourcesBuildPhase section */

/* Begin PBXShellScriptBuildPhase section */
		AB97D772175E6190AFE4672D /* [CP] Embed Pods Frameworks */ = {
			isa = PBXShellScriptBuildPhase;
			buildActionMask = 2147483647;
			files = (
			);
			inputFileListPaths = (
				"${PODS_ROOT}/Target Support Files/Pods-CompletionTutorial/Pods-CompletionTutorial-frameworks-${CONFIGURATION}-input-files.xcfilelist",
			);
			name = "[CP] Embed Pods Frameworks";
			outputFileListPaths = (
				"${PODS_ROOT}/Target Support Files/Pods-CompletionTutorial/Pods-CompletionTutorial-frameworks-${CONFIGURATION}-output-files.xcfilelist",
			);
			runOnlyForDeploymentPostprocessing = 0;
			shellPath = /bin/sh;
			shellScript = "\"${PODS_ROOT}/Target Support Files/Pods-CompletionTutorial/Pods-CompletionTutorial-frameworks.sh\"\n";
			showEnvVarsInLog = 0;
		};
		F85E21EFEF2BFFDF0311561A /* [CP] Check Pods Manifest.lock */ = {
			isa = PBXShellScriptBuildPhase;
			buildActionMask = 2147483647;
			files = (
			);
			inputFileListPaths = (
			);
			inputPaths = (
				"${PODS_PODFILE_DIR_PATH}/Podfile.lock",
				"${PODS_ROOT}/Manifest.lock",
			);
			name = "[CP] Check Pods Manifest.lock";
			outputFileListPaths = (
			);
			outputPaths = (
				"$(DERIVED_FILE_DIR)/Pods-CompletionTutorial-checkManifestLockResult.txt",
			);
			runOnlyForDeploymentPostprocessing = 0;
			shellPath = /bin/sh;
			shellScript = "diff \"${PODS_PODFILE_DIR_PATH}/Podfile.lock\" \"${PODS_ROOT}/Manifest.lock\" > /dev/null\nif [ $? != 0 ] ; then\n    # print error to STDERR\n    echo \"error: The sandbox is not in sync with the Podfile.lock. Run 'pod install' or update your CocoaPods installation.\" >&2\n    exit 1\nfi\n# This output is used by Xcode 'outputs' to avoid re-running this script phase.\necho \"SUCCESS\" > \"${SCRIPT_OUTPUT_FILE_0}\"\n";
			showEnvVarsInLog = 0;
		};
/* End PBXShellScriptBuildPhase section */

/* Begin PBXSourcesBuildPhase section */
		5251006127898474005CD3B1 /* Sources */ = {
			isa = PBXSourcesBuildPhase;
			buildActionMask = 2147483647;
			files = (
				5251006D27898475005CD3B1 /* ViewController.swift in Sources */,
				5251006927898475005CD3B1 /* AppDelegate.swift in Sources */,
				5251006B27898475005CD3B1 /* SceneDelegate.swift in Sources */,
			);
			runOnlyForDeploymentPostprocessing = 0;
		};
/* End PBXSourcesBuildPhase section */

/* Begin PBXVariantGroup section */
		5251006E27898475005CD3B1 /* Main.storyboard */ = {
			isa = PBXVariantGroup;
			children = (
				5251006F27898475005CD3B1 /* Base */,
			);
			name = Main.storyboard;
			sourceTree = "<group>";
		};
		5251007327898476005CD3B1 /* LaunchScreen.storyboard */ = {
			isa = PBXVariantGroup;
			children = (
				5251007427898476005CD3B1 /* Base */,
			);
			name = LaunchScreen.storyboard;
			sourceTree = "<group>";
		};
/* End PBXVariantGroup section */

/* Begin XCBuildConfiguration section */
		5251007727898476005CD3B1 /* Debug */ = {
			isa = XCBuildConfiguration;
			buildSettings = {
				ALWAYS_SEARCH_USER_PATHS = NO;
				CLANG_ANALYZER_NONNULL = YES;
				CLANG_ANALYZER_NUMBER_OBJECT_CONVERSION = YES_AGGRESSIVE;
				CLANG_CXX_LANGUAGE_STANDARD = "gnu++14";
				CLANG_CXX_LIBRARY = "libc++";
				CLANG_ENABLE_MODULES = YES;
				CLANG_ENABLE_OBJC_ARC = YES;
				CLANG_ENABLE_OBJC_WEAK = YES;
				CLANG_WARN_BLOCK_CAPTURE_AUTORELEASING = YES;
				CLANG_WARN_BOOL_CONVERSION = YES;
				CLANG_WARN_COMMA = YES;
				CLANG_WARN_CONSTANT_CONVERSION = YES;
				CLANG_WARN_DEPRECATED_OBJC_IMPLEMENTATIONS = YES;
				CLANG_WARN_DIRECT_OBJC_ISA_USAGE = YES_ERROR;
				CLANG_WARN_DOCUMENTATION_COMMENTS = YES;
				CLANG_WARN_EMPTY_BODY = YES;
				CLANG_WARN_ENUM_CONVERSION = YES;
				CLANG_WARN_INFINITE_RECURSION = YES;
				CLANG_WARN_INT_CONVERSION = YES;
				CLANG_WARN_NON_LITERAL_NULL_CONVERSION = YES;
				CLANG_WARN_OBJC_IMPLICIT_RETAIN_SELF = YES;
				CLANG_WARN_OBJC_LITERAL_CONVERSION = YES;
				CLANG_WARN_OBJC_ROOT_CLASS = YES_ERROR;
				CLANG_WARN_QUOTED_INCLUDE_IN_FRAMEWORK_HEADER = YES;
				CLANG_WARN_RANGE_LOOP_ANALYSIS = YES;
				CLANG_WARN_STRICT_PROTOTYPES = YES;
				CLANG_WARN_SUSPICIOUS_MOVE = YES;
				CLANG_WARN_UNGUARDED_AVAILABILITY = YES_AGGRESSIVE;
				CLANG_WARN_UNREACHABLE_CODE = YES;
				CLANG_WARN__DUPLICATE_METHOD_MATCH = YES;
				COPY_PHASE_STRIP = NO;
				DEBUG_INFORMATION_FORMAT = dwarf;
				ENABLE_STRICT_OBJC_MSGSEND = YES;
				ENABLE_TESTABILITY = YES;
				GCC_C_LANGUAGE_STANDARD = gnu11;
				GCC_DYNAMIC_NO_PIC = NO;
				GCC_NO_COMMON_BLOCKS = YES;
				GCC_OPTIMIZATION_LEVEL = 0;
				GCC_PREPROCESSOR_DEFINITIONS = (
					"DEBUG=1",
					"$(inherited)",
				);
				GCC_WARN_64_TO_32_BIT_CONVERSION = YES;
				GCC_WARN_ABOUT_RETURN_TYPE = YES_ERROR;
				GCC_WARN_UNDECLARED_SELECTOR = YES;
				GCC_WARN_UNINITIALIZED_AUTOS = YES_AGGRESSIVE;
				GCC_WARN_UNUSED_FUNCTION = YES;
				GCC_WARN_UNUSED_VARIABLE = YES;
				IPHONEOS_DEPLOYMENT_TARGET = 14.4;
				MTL_ENABLE_DEBUG_INFO = INCLUDE_SOURCE;
				MTL_FAST_MATH = YES;
				ONLY_ACTIVE_ARCH = YES;
				SDKROOT = iphoneos;
				SWIFT_ACTIVE_COMPILATION_CONDITIONS = DEBUG;
				SWIFT_OPTIMIZATION_LEVEL = "-Onone";
			};
			name = Debug;
		};
		5251007827898476005CD3B1 /* Release */ = {
			isa = XCBuildConfiguration;
			buildSettings = {
				ALWAYS_SEARCH_USER_PATHS = NO;
				CLANG_ANALYZER_NONNULL = YES;
				CLANG_ANALYZER_NUMBER_OBJECT_CONVERSION = YES_AGGRESSIVE;
				CLANG_CXX_LANGUAGE_STANDARD = "gnu++14";
				CLANG_CXX_LIBRARY = "libc++";
				CLANG_ENABLE_MODULES = YES;
				CLANG_ENABLE_OBJC_ARC = YES;
				CLANG_ENABLE_OBJC_WEAK = YES;
				CLANG_WARN_BLOCK_CAPTURE_AUTORELEASING = YES;
				CLANG_WARN_BOOL_CONVERSION = YES;
				CLANG_WARN_COMMA = YES;
				CLANG_WARN_CONSTANT_CONVERSION = YES;
				CLANG_WARN_DEPRECATED_OBJC_IMPLEMENTATIONS = YES;
				CLANG_WARN_DIRECT_OBJC_ISA_USAGE = YES_ERROR;
				CLANG_WARN_DOCUMENTATION_COMMENTS = YES;
				CLANG_WARN_EMPTY_BODY = YES;
				CLANG_WARN_ENUM_CONVERSION = YES;
				CLANG_WARN_INFINITE_RECURSION = YES;
				CLANG_WARN_INT_CONVERSION = YES;
				CLANG_WARN_NON_LITERAL_NULL_CONVERSION = YES;
				CLANG_WARN_OBJC_IMPLICIT_RETAIN_SELF = YES;
				CLANG_WARN_OBJC_LITERAL_CONVERSION = YES;
				CLANG_WARN_OBJC_ROOT_CLASS = YES_ERROR;
				CLANG_WARN_QUOTED_INCLUDE_IN_FRAMEWORK_HEADER = YES;
				CLANG_WARN_RANGE_LOOP_ANALYSIS = YES;
				CLANG_WARN_STRICT_PROTOTYPES = YES;
				CLANG_WARN_SUSPICIOUS_MOVE = YES;
				CLANG_WARN_UNGUARDED_AVAILABILITY = YES_AGGRESSIVE;
				CLANG_WARN_UNREACHABLE_CODE = YES;
				CLANG_WARN__DUPLICATE_METHOD_MATCH = YES;
				COPY_PHASE_STRIP = NO;
				DEBUG_INFORMATION_FORMAT = "dwarf-with-dsym";
				ENABLE_NS_ASSERTIONS = NO;
				ENABLE_STRICT_OBJC_MSGSEND = YES;
				GCC_C_LANGUAGE_STANDARD = gnu11;
				GCC_NO_COMMON_BLOCKS = YES;
				GCC_WARN_64_TO_32_BIT_CONVERSION = YES;
				GCC_WARN_ABOUT_RETURN_TYPE = YES_ERROR;
				GCC_WARN_UNDECLARED_SELECTOR = YES;
				GCC_WARN_UNINITIALIZED_AUTOS = YES_AGGRESSIVE;
				GCC_WARN_UNUSED_FUNCTION = YES;
				GCC_WARN_UNUSED_VARIABLE = YES;
				IPHONEOS_DEPLOYMENT_TARGET = 14.4;
				MTL_ENABLE_DEBUG_INFO = NO;
				MTL_FAST_MATH = YES;
				SDKROOT = iphoneos;
				SWIFT_COMPILATION_MODE = wholemodule;
				SWIFT_OPTIMIZATION_LEVEL = "-O";
				VALIDATE_PRODUCT = YES;
			};
			name = Release;
		};
		5251007A27898476005CD3B1 /* Debug */ = {
			isa = XCBuildConfiguration;
			baseConfigurationReference = 8BC998B751B28F3A0B900B85 /* Pods-CompletionTutorial.debug.xcconfig */;
			buildSettings = {
				ASSETCATALOG_COMPILER_APPICON_NAME = AppIcon;
				ASSETCATALOG_COMPILER_GLOBAL_ACCENT_COLOR_NAME = AccentColor;
				CODE_SIGN_STYLE = Automatic;
				DEVELOPMENT_TEAM = 685JTQCHGL;
				INFOPLIST_FILE = CompletionTutorial/Info.plist;
				LD_RUNPATH_SEARCH_PATHS = (
					"$(inherited)",
					"@executable_path/Frameworks",
				);
				PRODUCT_BUNDLE_IDENTIFIER = com.ibk.ent.CompletionTutorial;
				PRODUCT_NAME = "$(TARGET_NAME)";
				SWIFT_VERSION = 5.0;
				TARGETED_DEVICE_FAMILY = "1,2";
			};
			name = Debug;
		};
		5251007B27898476005CD3B1 /* Release */ = {
			isa = XCBuildConfiguration;
			baseConfigurationReference = 1B63BE640CFD543D47B17E78 /* Pods-CompletionTutorial.release.xcconfig */;
			buildSettings = {
				ASSETCATALOG_COMPILER_APPICON_NAME = AppIcon;
				ASSETCATALOG_COMPILER_GLOBAL_ACCENT_COLOR_NAME = AccentColor;
				CODE_SIGN_STYLE = Automatic;
				DEVELOPMENT_TEAM = 685JTQCHGL;
				INFOPLIST_FILE = CompletionTutorial/Info.plist;
				LD_RUNPATH_SEARCH_PATHS = (
					"$(inherited)",
					"@executable_path/Frameworks",
				);
				PRODUCT_BUNDLE_IDENTIFIER = com.ibk.ent.CompletionTutorial;
				PRODUCT_NAME = "$(TARGET_NAME)";
				SWIFT_VERSION = 5.0;
				TARGETED_DEVICE_FAMILY = "1,2";
			};
			name = Release;
		};
/* End XCBuildConfiguration section */

/* Begin XCConfigurationList section */
		5251006027898474005CD3B1 /* Build configuration list for PBXProject "CompletionTutorial" */ = {
			isa = XCConfigurationList;
			buildConfigurations = (
				5251007727898476005CD3B1 /* Debug */,
				5251007827898476005CD3B1 /* Release */,
			);
			defaultConfigurationIsVisible = 0;
			defaultConfigurationName = Release;
		};
		5251007927898476005CD3B1 /* Build configuration list for PBXNativeTarget "CompletionTutorial" */ = {
			isa = XCConfigurationList;
			buildConfigurations = (
				5251007A27898476005CD3B1 /* Debug */,
				5251007B27898476005CD3B1 /* Release */,
			);
			defaultConfigurationIsVisible = 0;
			defaultConfigurationName = Release;
		};
/* End XCConfigurationList section */
	};
	rootObject = 5251005D27898474005CD3B1 /* Project object */;
}
